
Microsoft Visual Studio Solution File, Format Version 12.00
# Visual Studio Version 17
VisualStudioVersion = 17.7.34221.43
MinimumVisualStudioVersion = 10.0.40219.1
Project("{FAE04EC0-301F-11D3-BF4B-00C04F79EFBC}") = "Task7_CompEng", "Task7_CompEng\Task7_CompEng.csproj", "{F1B7643A-02F8-4CF1-BEF5-A94F9332DD33}"
EndProject
Global
	GlobalSection(SolutionConfigurationPlatforms) = preSolution
		Debug|Any CPU = Debug|Any CPU
		Release|Any CPU = Release|Any CPU
	EndGlobalSection
	GlobalSection(ProjectConfigurationPlatforms) = postSolution
		{F1B7643A-02F8-4CF1-BEF5-A94F9332DD33}.Debug|Any CPU.ActiveCfg = Debug|Any CPU
		{F1B7643A-02F8-4CF1-BEF5-A94F9332DD33}.Debug|Any CPU.Build.0 = Debug|Any CPU
		{F1B7643A-02F8-4CF1-BEF5-A94F9332DD33}.Release|Any CPU.ActiveCfg = Release|Any CPU
		{F1B7643A-02F8-4CF1-BEF5-A94F9332DD33}.Release|Any CPU.Build.0 = Release|Any CPU
	EndGlobalSection
	GlobalSection(SolutionProperties) = preSolution
		HideSolutionNode = FALSE
	EndGlobalSection
	GlobalSection(ExtensibilityGlobals) = postSolution
		SolutionGuid = {7699EBF7-DADA-4957-B275-BEBDF107A4F9}
	EndGlobalSection
EndGlobal
